// !$*UTF8*$!
{
	archiveVersion = 1;
	classes = {
	};
	objectVersion = 56;
	objects = {

/* Begin PBXBuildFile section */
		E21FA47C2AD5E0E30014BF44 /* SwiftScanProUITests.swift in Sources */ = {isa = PBXBuildFile; fileRef = E2B46A102AD58C04007C154B /* SwiftScanProUITests.swift */; };
		E2240B542AB119D5002DB3FE /* DocumentCollectionViewCell.swift in Sources */ = {isa = PBXBuildFile; fileRef = E2240B522AB119D5002DB3FE /* DocumentCollectionViewCell.swift */; };
		E2240B552AB119D5002DB3FE /* DocumentCollectionViewCell.xib in Resources */ = {isa = PBXBuildFile; fileRef = E2240B532AB119D5002DB3FE /* DocumentCollectionViewCell.xib */; };
		E2240B572AB1F06F002DB3FE /* FolderManager.swift in Sources */ = {isa = PBXBuildFile; fileRef = E2240B562AB1F06F002DB3FE /* FolderManager.swift */; };
		E2240B592AB20B42002DB3FE /* PDFViewController.swift in Sources */ = {isa = PBXBuildFile; fileRef = E2240B582AB20B42002DB3FE /* PDFViewController.swift */; };
		E2240B5C2AB20C95002DB3FE /* PDFKit.framework in Frameworks */ = {isa = PBXBuildFile; fileRef = E2240B5B2AB20C95002DB3FE /* PDFKit.framework */; };
		E2471B892AB0947400D7F1E7 /* AppDelegate.swift in Sources */ = {isa = PBXBuildFile; fileRef = E2471B882AB0947400D7F1E7 /* AppDelegate.swift */; };
		E2471B8B2AB0947400D7F1E7 /* SceneDelegate.swift in Sources */ = {isa = PBXBuildFile; fileRef = E2471B8A2AB0947400D7F1E7 /* SceneDelegate.swift */; };
		E2471B8D2AB0947400D7F1E7 /* FolderViewController.swift in Sources */ = {isa = PBXBuildFile; fileRef = E2471B8C2AB0947400D7F1E7 /* FolderViewController.swift */; };
		E2471B902AB0947400D7F1E7 /* Main.storyboard in Resources */ = {isa = PBXBuildFile; fileRef = E2471B8E2AB0947400D7F1E7 /* Main.storyboard */; };
		E2471B922AB0947500D7F1E7 /* Assets.xcassets in Resources */ = {isa = PBXBuildFile; fileRef = E2471B912AB0947500D7F1E7 /* Assets.xcassets */; };
		E2471B952AB0947500D7F1E7 /* LaunchScreen.storyboard in Resources */ = {isa = PBXBuildFile; fileRef = E2471B932AB0947500D7F1E7 /* LaunchScreen.storyboard */; };
		E29477852AB0E71800F9F33F /* HomeViewController.swift in Sources */ = {isa = PBXBuildFile; fileRef = E29477842AB0E71800F9F33F /* HomeViewController.swift */; };
		E29477872AB0E80300F9F33F /* Folder.swift in Sources */ = {isa = PBXBuildFile; fileRef = E29477862AB0E80300F9F33F /* Folder.swift */; };
		E294778C2AB0EA6A00F9F33F /* FolderCollectionViewCell.swift in Sources */ = {isa = PBXBuildFile; fileRef = E294778A2AB0EA6A00F9F33F /* FolderCollectionViewCell.swift */; };
		E294778D2AB0EA6A00F9F33F /* FolderCollectionViewCell.xib in Resources */ = {isa = PBXBuildFile; fileRef = E294778B2AB0EA6A00F9F33F /* FolderCollectionViewCell.xib */; };
		E2B46A132AD58C04007C154B /* SwiftScanProUITestsLaunchTests.swift in Sources */ = {isa = PBXBuildFile; fileRef = E2B46A122AD58C04007C154B /* SwiftScanProUITestsLaunchTests.swift */; };
/* End PBXBuildFile section */

/* Begin PBXContainerItemProxy section */
		E2B46A142AD58C04007C154B /* PBXContainerItemProxy */ = {
			isa = PBXContainerItemProxy;
			containerPortal = E2471B7D2AB0947400D7F1E7 /* Project object */;
			proxyType = 1;
			remoteGlobalIDString = E2471B842AB0947400D7F1E7;
			remoteInfo = SwiftScanPro;
		};
/* End PBXContainerItemProxy section */

/* Begin PBXFileReference section */
		E2240B522AB119D5002DB3FE /* DocumentCollectionViewCell.swift */ = {isa = PBXFileReference; lastKnownFileType = sourcecode.swift; path = DocumentCollectionViewCell.swift; sourceTree = "<group>"; };
		E2240B532AB119D5002DB3FE /* DocumentCollectionViewCell.xib */ = {isa = PBXFileReference; lastKnownFileType = file.xib; path = DocumentCollectionViewCell.xib; sourceTree = "<group>"; };
		E2240B562AB1F06F002DB3FE /* FolderManager.swift */ = {isa = PBXFileReference; lastKnownFileType = sourcecode.swift; path = FolderManager.swift; sourceTree = "<group>"; };
		E2240B582AB20B42002DB3FE /* PDFViewController.swift */ = {isa = PBXFileReference; lastKnownFileType = sourcecode.swift; path = PDFViewController.swift; sourceTree = "<group>"; };
		E2240B5B2AB20C95002DB3FE /* PDFKit.framework */ = {isa = PBXFileReference; lastKnownFileType = wrapper.framework; name = PDFKit.framework; path = System/Library/Frameworks/PDFKit.framework; sourceTree = SDKROOT; };
		E23A9E2A2AD5AE7500270406 /* SwiftScanProUITests.xctestplan */ = {isa = PBXFileReference; lastKnownFileType = text; path = SwiftScanProUITests.xctestplan; sourceTree = "<group>"; };
		E2471B852AB0947400D7F1E7 /* SwiftScanPro.app */ = {isa = PBXFileReference; explicitFileType = wrapper.application; includeInIndex = 0; path = SwiftScanPro.app; sourceTree = BUILT_PRODUCTS_DIR; };
		E2471B882AB0947400D7F1E7 /* AppDelegate.swift */ = {isa = PBXFileReference; lastKnownFileType = sourcecode.swift; path = AppDelegate.swift; sourceTree = "<group>"; };
		E2471B8A2AB0947400D7F1E7 /* SceneDelegate.swift */ = {isa = PBXFileReference; lastKnownFileType = sourcecode.swift; path = SceneDelegate.swift; sourceTree = "<group>"; };
		E2471B8C2AB0947400D7F1E7 /* FolderViewController.swift */ = {isa = PBXFileReference; lastKnownFileType = sourcecode.swift; path = FolderViewController.swift; sourceTree = "<group>"; };
		E2471B8F2AB0947400D7F1E7 /* Base */ = {isa = PBXFileReference; lastKnownFileType = file.storyboard; name = Base; path = Base.lproj/Main.storyboard; sourceTree = "<group>"; };
		E2471B912AB0947500D7F1E7 /* Assets.xcassets */ = {isa = PBXFileReference; lastKnownFileType = folder.assetcatalog; path = Assets.xcassets; sourceTree = "<group>"; };
		E2471B942AB0947500D7F1E7 /* Base */ = {isa = PBXFileReference; lastKnownFileType = file.storyboard; name = Base; path = Base.lproj/LaunchScreen.storyboard; sourceTree = "<group>"; };
		E2471B962AB0947500D7F1E7 /* Info.plist */ = {isa = PBXFileReference; lastKnownFileType = text.plist.xml; path = Info.plist; sourceTree = "<group>"; };
		E29477842AB0E71800F9F33F /* HomeViewController.swift */ = {isa = PBXFileReference; lastKnownFileType = sourcecode.swift; path = HomeViewController.swift; sourceTree = "<group>"; };
		E29477862AB0E80300F9F33F /* Folder.swift */ = {isa = PBXFileReference; lastKnownFileType = sourcecode.swift; path = Folder.swift; sourceTree = "<group>"; };
		E294778A2AB0EA6A00F9F33F /* FolderCollectionViewCell.swift */ = {isa = PBXFileReference; lastKnownFileType = sourcecode.swift; path = FolderCollectionViewCell.swift; sourceTree = "<group>"; };
		E294778B2AB0EA6A00F9F33F /* FolderCollectionViewCell.xib */ = {isa = PBXFileReference; lastKnownFileType = file.xib; path = FolderCollectionViewCell.xib; sourceTree = "<group>"; };
		E2B46A0E2AD58C04007C154B /* SwiftScanProUITests.xctest */ = {isa = PBXFileReference; explicitFileType = wrapper.cfbundle; includeInIndex = 0; path = SwiftScanProUITests.xctest; sourceTree = BUILT_PRODUCTS_DIR; };
		E2B46A102AD58C04007C154B /* SwiftScanProUITests.swift */ = {isa = PBXFileReference; lastKnownFileType = sourcecode.swift; path = SwiftScanProUITests.swift; sourceTree = "<group>"; };
		E2B46A122AD58C04007C154B /* SwiftScanProUITestsLaunchTests.swift */ = {isa = PBXFileReference; lastKnownFileType = sourcecode.swift; path = SwiftScanProUITestsLaunchTests.swift; sourceTree = "<group>"; };
/* End PBXFileReference section */

/* Begin PBXFrameworksBuildPhase section */
		E2471B822AB0947400D7F1E7 /* Frameworks */ = {
			isa = PBXFrameworksBuildPhase;
			buildActionMask = 2147483647;
			files = (
				E2240B5C2AB20C95002DB3FE /* PDFKit.framework in Frameworks */,
			);
			runOnlyForDeploymentPostprocessing = 0;
		};
		E2B46A0B2AD58C04007C154B /* Frameworks */ = {
			isa = PBXFrameworksBuildPhase;
			buildActionMask = 2147483647;
			files = (
			);
			runOnlyForDeploymentPostprocessing = 0;
		};
/* End PBXFrameworksBuildPhase section */

/* Begin PBXGroup section */
		E2240B5A2AB20C94002DB3FE /* Frameworks */ = {
			isa = PBXGroup;
			children = (
				E2240B5B2AB20C95002DB3FE /* PDFKit.framework */,
			);
			name = Frameworks;
			sourceTree = "<group>";
		};
		E2471B7C2AB0947400D7F1E7 = {
			isa = PBXGroup;
			children = (
				E23A9E2A2AD5AE7500270406 /* SwiftScanProUITests.xctestplan */,
				E2471B872AB0947400D7F1E7 /* SwiftScanPro */,
				E2B46A0F2AD58C04007C154B /* SwiftScanProUITests */,
				E2471B862AB0947400D7F1E7 /* Products */,
				E2240B5A2AB20C94002DB3FE /* Frameworks */,
			);
			sourceTree = "<group>";
		};
		E2471B862AB0947400D7F1E7 /* Products */ = {
			isa = PBXGroup;
			children = (
				E2471B852AB0947400D7F1E7 /* SwiftScanPro.app */,
				E2B46A0E2AD58C04007C154B /* SwiftScanProUITests.xctest */,
			);
			name = Products;
			sourceTree = "<group>";
		};
		E2471B872AB0947400D7F1E7 /* SwiftScanPro */ = {
			isa = PBXGroup;
			children = (
				E2471B882AB0947400D7F1E7 /* AppDelegate.swift */,
				E2471B8A2AB0947400D7F1E7 /* SceneDelegate.swift */,
				E2471B8C2AB0947400D7F1E7 /* FolderViewController.swift */,
				E2471B8E2AB0947400D7F1E7 /* Main.storyboard */,
				E2471B912AB0947500D7F1E7 /* Assets.xcassets */,
				E2471B932AB0947500D7F1E7 /* LaunchScreen.storyboard */,
				E2471B962AB0947500D7F1E7 /* Info.plist */,
				E29477842AB0E71800F9F33F /* HomeViewController.swift */,
				E29477862AB0E80300F9F33F /* Folder.swift */,
				E294778A2AB0EA6A00F9F33F /* FolderCollectionViewCell.swift */,
				E294778B2AB0EA6A00F9F33F /* FolderCollectionViewCell.xib */,
				E2240B522AB119D5002DB3FE /* DocumentCollectionViewCell.swift */,
				E2240B532AB119D5002DB3FE /* DocumentCollectionViewCell.xib */,
				E2240B562AB1F06F002DB3FE /* FolderManager.swift */,
				E2240B582AB20B42002DB3FE /* PDFViewController.swift */,
			);
			path = SwiftScanPro;
			sourceTree = "<group>";
		};
		E2B46A0F2AD58C04007C154B /* SwiftScanProUITests */ = {
			isa = PBXGroup;
			children = (
				E2B46A102AD58C04007C154B /* SwiftScanProUITests.swift */,
				E2B46A122AD58C04007C154B /* SwiftScanProUITestsLaunchTests.swift */,
			);
			path = SwiftScanProUITests;
			sourceTree = "<group>";
		};
/* End PBXGroup section */

/* Begin PBXNativeTarget section */
		E2471B842AB0947400D7F1E7 /* SwiftScanPro */ = {
			isa = PBXNativeTarget;
			buildConfigurationList = E2471B992AB0947500D7F1E7 /* Build configuration list for PBXNativeTarget "SwiftScanPro" */;
			buildPhases = (
				E2471B812AB0947400D7F1E7 /* Sources */,
				E2471B822AB0947400D7F1E7 /* Frameworks */,
				E2471B832AB0947400D7F1E7 /* Resources */,
			);
			buildRules = (
			);
			dependencies = (
			);
			name = SwiftScanPro;
			productName = SwiftScanPro;
			productReference = E2471B852AB0947400D7F1E7 /* SwiftScanPro.app */;
			productType = "com.apple.product-type.application";
		};
		E2B46A0D2AD58C04007C154B /* SwiftScanProUITests */ = {
			isa = PBXNativeTarget;
			buildConfigurationList = E2B46A182AD58C04007C154B /* Build configuration list for PBXNativeTarget "SwiftScanProUITests" */;
			buildPhases = (
				E2B46A0A2AD58C04007C154B /* Sources */,
				E2B46A0B2AD58C04007C154B /* Frameworks */,
				E2B46A0C2AD58C04007C154B /* Resources */,
			);
			buildRules = (
			);
			dependencies = (
				E2B46A152AD58C04007C154B /* PBXTargetDependency */,
			);
			name = SwiftScanProUITests;
			productName = SwiftScanProUITests;
			productReference = E2B46A0E2AD58C04007C154B /* SwiftScanProUITests.xctest */;
			productType = "com.apple.product-type.bundle.ui-testing";
		};
/* End PBXNativeTarget section */

/* Begin PBXProject section */
		E2471B7D2AB0947400D7F1E7 /* Project object */ = {
			isa = PBXProject;
			attributes = {
				BuildIndependentTargetsInParallel = 1;
				LastSwiftUpdateCheck = 1430;
				LastUpgradeCheck = 1430;
				TargetAttributes = {
					E2471B842AB0947400D7F1E7 = {
						CreatedOnToolsVersion = 14.3.1;
					};
					E2B46A0D2AD58C04007C154B = {
						CreatedOnToolsVersion = 14.3.1;
						TestTargetID = E2471B842AB0947400D7F1E7;
					};
				};
			};
			buildConfigurationList = E2471B802AB0947400D7F1E7 /* Build configuration list for PBXProject "SwiftScanPro" */;
			compatibilityVersion = "Xcode 14.0";
			developmentRegion = en;
			hasScannedForEncodings = 0;
			knownRegions = (
				en,
				Base,
			);
			mainGroup = E2471B7C2AB0947400D7F1E7;
			productRefGroup = E2471B862AB0947400D7F1E7 /* Products */;
			projectDirPath = "";
			projectRoot = "";
			targets = (
				E2471B842AB0947400D7F1E7 /* SwiftScanPro */,
				E2B46A0D2AD58C04007C154B /* SwiftScanProUITests */,
			);
		};
/* End PBXProject section */

/* Begin PBXResourcesBuildPhase section */
		E2471B832AB0947400D7F1E7 /* Resources */ = {
			isa = PBXResourcesBuildPhase;
			buildActionMask = 2147483647;
			files = (
				E294778D2AB0EA6A00F9F33F /* FolderCollectionViewCell.xib in Resources */,
				E2471B952AB0947500D7F1E7 /* LaunchScreen.storyboard in Resources */,
				E2240B552AB119D5002DB3FE /* DocumentCollectionViewCell.xib in Resources */,
				E2471B922AB0947500D7F1E7 /* Assets.xcassets in Resources */,
				E2471B902AB0947400D7F1E7 /* Main.storyboard in Resources */,
			);
			runOnlyForDeploymentPostprocessing = 0;
		};
		E2B46A0C2AD58C04007C154B /* Resources */ = {
			isa = PBXResourcesBuildPhase;
			buildActionMask = 2147483647;
			files = (
			);
			runOnlyForDeploymentPostprocessing = 0;
		};
/* End PBXResourcesBuildPhase section */

/* Begin PBXSourcesBuildPhase section */
		E2471B812AB0947400D7F1E7 /* Sources */ = {
			isa = PBXSourcesBuildPhase;
			buildActionMask = 2147483647;
			files = (
				E29477852AB0E71800F9F33F /* HomeViewController.swift in Sources */,
				E2240B592AB20B42002DB3FE /* PDFViewController.swift in Sources */,
				E2471B8D2AB0947400D7F1E7 /* FolderViewController.swift in Sources */,
				E2471B892AB0947400D7F1E7 /* AppDelegate.swift in Sources */,
				E294778C2AB0EA6A00F9F33F /* FolderCollectionViewCell.swift in Sources */,
				E2471B8B2AB0947400D7F1E7 /* SceneDelegate.swift in Sources */,
				E2240B542AB119D5002DB3FE /* DocumentCollectionViewCell.swift in Sources */,
				E29477872AB0E80300F9F33F /* Folder.swift in Sources */,
				E2240B572AB1F06F002DB3FE /* FolderManager.swift in Sources */,
			);
			runOnlyForDeploymentPostprocessing = 0;
		};
		E2B46A0A2AD58C04007C154B /* Sources */ = {
			isa = PBXSourcesBuildPhase;
			buildActionMask = 2147483647;
			files = (
				E21FA47C2AD5E0E30014BF44 /* SwiftScanProUITests.swift in Sources */,
				E2B46A132AD58C04007C154B /* SwiftScanProUITestsLaunchTests.swift in Sources */,
			);
			runOnlyForDeploymentPostprocessing = 0;
		};
/* End PBXSourcesBuildPhase section */

/* Begin PBXTargetDependency section */
		E2B46A152AD58C04007C154B /* PBXTargetDependency */ = {
			isa = PBXTargetDependency;
			target = E2471B842AB0947400D7F1E7 /* SwiftScanPro */;
			targetProxy = E2B46A142AD58C04007C154B /* PBXContainerItemProxy */;
		};
/* End PBXTargetDependency section */

/* Begin PBXVariantGroup section */
		E2471B8E2AB0947400D7F1E7 /* Main.storyboard */ = {
			isa = PBXVariantGroup;
			children = (
				E2471B8F2AB0947400D7F1E7 /* Base */,
			);
			name = Main.storyboard;
			sourceTree = "<group>";
		};
		E2471B932AB0947500D7F1E7 /* LaunchScreen.storyboard */ = {
			isa = PBXVariantGroup;
			children = (
				E2471B942AB0947500D7F1E7 /* Base */,
			);
			name = LaunchScreen.storyboard;
			sourceTree = "<group>";
		};
/* End PBXVariantGroup section */

/* Begin XCBuildConfiguration section */
		E2471B972AB0947500D7F1E7 /* Debug */ = {
			isa = XCBuildConfiguration;
			buildSettings = {
				ALWAYS_SEARCH_USER_PATHS = NO;
				CLANG_ANALYZER_NONNULL = YES;
				CLANG_ANALYZER_NUMBER_OBJECT_CONVERSION = YES_AGGRESSIVE;
				CLANG_CXX_LANGUAGE_STANDARD = "gnu++20";
				CLANG_ENABLE_MODULES = YES;
				CLANG_ENABLE_OBJC_ARC = YES;
				CLANG_ENABLE_OBJC_WEAK = YES;
				CLANG_WARN_BLOCK_CAPTURE_AUTORELEASING = YES;
				CLANG_WARN_BOOL_CONVERSION = YES;
				CLANG_WARN_COMMA = YES;
				CLANG_WARN_CONSTANT_CONVERSION = YES;
				CLANG_WARN_DEPRECATED_OBJC_IMPLEMENTATIONS = YES;
				CLANG_WARN_DIRECT_OBJC_ISA_USAGE = YES_ERROR;
				CLANG_WARN_DOCUMENTATION_COMMENTS = YES;
				CLANG_WARN_EMPTY_BODY = YES;
				CLANG_WARN_ENUM_CONVERSION = YES;
				CLANG_WARN_INFINITE_RECURSION = YES;
				CLANG_WARN_INT_CONVERSION = YES;
				CLANG_WARN_NON_LITERAL_NULL_CONVERSION = YES;
				CLANG_WARN_OBJC_IMPLICIT_RETAIN_SELF = YES;
				CLANG_WARN_OBJC_LITERAL_CONVERSION = YES;
				CLANG_WARN_OBJC_ROOT_CLASS = YES_ERROR;
				CLANG_WARN_QUOTED_INCLUDE_IN_FRAMEWORK_HEADER = YES;
				CLANG_WARN_RANGE_LOOP_ANALYSIS = YES;
				CLANG_WARN_STRICT_PROTOTYPES = YES;
				CLANG_WARN_SUSPICIOUS_MOVE = YES;
				CLANG_WARN_UNGUARDED_AVAILABILITY = YES_AGGRESSIVE;
				CLANG_WARN_UNREACHABLE_CODE = YES;
				CLANG_WARN__DUPLICATE_METHOD_MATCH = YES;
				COPY_PHASE_STRIP = NO;
				DEBUG_INFORMATION_FORMAT = dwarf;
				ENABLE_STRICT_OBJC_MSGSEND = YES;
				ENABLE_TESTABILITY = YES;
				GCC_C_LANGUAGE_STANDARD = gnu11;
				GCC_DYNAMIC_NO_PIC = NO;
				GCC_NO_COMMON_BLOCKS = YES;
				GCC_OPTIMIZATION_LEVEL = 0;
				GCC_PREPROCESSOR_DEFINITIONS = (
					"DEBUG=1",
					"$(inherited)",
				);
				GCC_WARN_64_TO_32_BIT_CONVERSION = YES;
				GCC_WARN_ABOUT_RETURN_TYPE = YES_ERROR;
				GCC_WARN_UNDECLARED_SELECTOR = YES;
				GCC_WARN_UNINITIALIZED_AUTOS = YES_AGGRESSIVE;
				GCC_WARN_UNUSED_FUNCTION = YES;
				GCC_WARN_UNUSED_VARIABLE = YES;
				IPHONEOS_DEPLOYMENT_TARGET = 16.4;
				MTL_ENABLE_DEBUG_INFO = INCLUDE_SOURCE;
				MTL_FAST_MATH = YES;
				ONLY_ACTIVE_ARCH = YES;
				SDKROOT = iphoneos;
				SWIFT_ACTIVE_COMPILATION_CONDITIONS = DEBUG;
				SWIFT_OPTIMIZATION_LEVEL = "-Onone";
			};
			name = Debug;
		};
		E2471B982AB0947500D7F1E7 /* Release */ = {
			isa = XCBuildConfiguration;
			buildSettings = {
				ALWAYS_SEARCH_USER_PATHS = NO;
				CLANG_ANALYZER_NONNULL = YES;
				CLANG_ANALYZER_NUMBER_OBJECT_CONVERSION = YES_AGGRESSIVE;
				CLANG_CXX_LANGUAGE_STANDARD = "gnu++20";
				CLANG_ENABLE_MODULES = YES;
				CLANG_ENABLE_OBJC_ARC = YES;
				CLANG_ENABLE_OBJC_WEAK = YES;
				CLANG_WARN_BLOCK_CAPTURE_AUTORELEASING = YES;
				CLANG_WARN_BOOL_CONVERSION = YES;
				CLANG_WARN_COMMA = YES;
				CLANG_WARN_CONSTANT_CONVERSION = YES;
				CLANG_WARN_DEPRECATED_OBJC_IMPLEMENTATIONS = YES;
				CLANG_WARN_DIRECT_OBJC_ISA_USAGE = YES_ERROR;
				CLANG_WARN_DOCUMENTATION_COMMENTS = YES;
				CLANG_WARN_EMPTY_BODY = YES;
				CLANG_WARN_ENUM_CONVERSION = YES;
				CLANG_WARN_INFINITE_RECURSION = YES;
				CLANG_WARN_INT_CONVERSION = YES;
				CLANG_WARN_NON_LITERAL_NULL_CONVERSION = YES;
				CLANG_WARN_OBJC_IMPLICIT_RETAIN_SELF = YES;
				CLANG_WARN_OBJC_LITERAL_CONVERSION = YES;
				CLANG_WARN_OBJC_ROOT_CLASS = YES_ERROR;
				CLANG_WARN_QUOTED_INCLUDE_IN_FRAMEWORK_HEADER = YES;
				CLANG_WARN_RANGE_LOOP_ANALYSIS = YES;
				CLANG_WARN_STRICT_PROTOTYPES = YES;
				CLANG_WARN_SUSPICIOUS_MOVE = YES;
				CLANG_WARN_UNGUARDED_AVAILABILITY = YES_AGGRESSIVE;
				CLANG_WARN_UNREACHABLE_CODE = YES;
				CLANG_WARN__DUPLICATE_METHOD_MATCH = YES;
				COPY_PHASE_STRIP = NO;
				DEBUG_INFORMATION_FORMAT = "dwarf-with-dsym";
				ENABLE_NS_ASSERTIONS = NO;
				ENABLE_STRICT_OBJC_MSGSEND = YES;
				GCC_C_LANGUAGE_STANDARD = gnu11;
				GCC_NO_COMMON_BLOCKS = YES;
				GCC_WARN_64_TO_32_BIT_CONVERSION = YES;
				GCC_WARN_ABOUT_RETURN_TYPE = YES_ERROR;
				GCC_WARN_UNDECLARED_SELECTOR = YES;
				GCC_WARN_UNINITIALIZED_AUTOS = YES_AGGRESSIVE;
				GCC_WARN_UNUSED_FUNCTION = YES;
				GCC_WARN_UNUSED_VARIABLE = YES;
				IPHONEOS_DEPLOYMENT_TARGET = 16.4;
				MTL_ENABLE_DEBUG_INFO = NO;
				MTL_FAST_MATH = YES;
				SDKROOT = iphoneos;
				SWIFT_COMPILATION_MODE = wholemodule;
				SWIFT_OPTIMIZATION_LEVEL = "-O";
				VALIDATE_PRODUCT = YES;
			};
			name = Release;
		};
		E2471B9A2AB0947500D7F1E7 /* Debug */ = {
			isa = XCBuildConfiguration;
			buildSettings = {
				ASSETCATALOG_COMPILER_APPICON_NAME = AppIcon;
				ASSETCATALOG_COMPILER_GLOBAL_ACCENT_COLOR_NAME = AccentColor;
				CODE_SIGN_STYLE = Automatic;
				CURRENT_PROJECT_VERSION = 1;
				DEVELOPMENT_TEAM = 53F8VM6P5R;
				GENERATE_INFOPLIST_FILE = YES;
				INFOPLIST_FILE = SwiftScanPro/Info.plist;
				INFOPLIST_KEY_NSCameraUsageDescription = "SwiftScan Pro requires access to camera to scan doucments";
				INFOPLIST_KEY_UIApplicationSupportsIndirectInputEvents = YES;
				INFOPLIST_KEY_UILaunchStoryboardName = LaunchScreen;
				INFOPLIST_KEY_UIMainStoryboardFile = Main;
				INFOPLIST_KEY_UISupportedInterfaceOrientations = UIInterfaceOrientationPortrait;
				INFOPLIST_KEY_UISupportedInterfaceOrientations_iPad = "UIInterfaceOrientationLandscapeLeft UIInterfaceOrientationLandscapeRight UIInterfaceOrientationPortrait UIInterfaceOrientationPortraitUpsideDown";
				IPHONEOS_DEPLOYMENT_TARGET = 16.0;
				LD_RUNPATH_SEARCH_PATHS = (
					"$(inherited)",
					"@executable_path/Frameworks",
				);
				MARKETING_VERSION = 1.0;
				PRODUCT_BUNDLE_IDENTIFIER = com.yashilluckan.SwiftScanPro;
				PRODUCT_NAME = "$(TARGET_NAME)";
				SUPPORTED_PLATFORMS = "iphoneos iphonesimulator";
				SUPPORTS_MACCATALYST = NO;
				SUPPORTS_MAC_DESIGNED_FOR_IPHONE_IPAD = NO;
				SWIFT_EMIT_LOC_STRINGS = YES;
				SWIFT_VERSION = 5.0;
				TARGETED_DEVICE_FAMILY = 1;
			};
			name = Debug;
		};
		E2471B9B2AB0947500D7F1E7 /* Release */ = {
			isa = XCBuildConfiguration;
			buildSettings = {
				ASSETCATALOG_COMPILER_APPICON_NAME = AppIcon;
				ASSETCATALOG_COMPILER_GLOBAL_ACCENT_COLOR_NAME = AccentColor;
				CODE_SIGN_STYLE = Automatic;
				CURRENT_PROJECT_VERSION = 1;
				DEVELOPMENT_TEAM = 53F8VM6P5R;
				GENERATE_INFOPLIST_FILE = YES;
				INFOPLIST_FILE = SwiftScanPro/Info.plist;
				INFOPLIST_KEY_NSCameraUsageDescription = "SwiftScan Pro requires access to camera to scan doucments";
				INFOPLIST_KEY_UIApplicationSupportsIndirectInputEvents = YES;
				INFOPLIST_KEY_UILaunchStoryboardName = LaunchScreen;
				INFOPLIST_KEY_UIMainStoryboardFile = Main;
				INFOPLIST_KEY_UISupportedInterfaceOrientations = UIInterfaceOrientationPortrait;
				INFOPLIST_KEY_UISupportedInterfaceOrientations_iPad = "UIInterfaceOrientationLandscapeLeft UIInterfaceOrientationLandscapeRight UIInterfaceOrientationPortrait UIInterfaceOrientationPortraitUpsideDown";
				IPHONEOS_DEPLOYMENT_TARGET = 16.0;
				LD_RUNPATH_SEARCH_PATHS = (
					"$(inherited)",
					"@executable_path/Frameworks",
				);
				MARKETING_VERSION = 1.0;
				PRODUCT_BUNDLE_IDENTIFIER = com.yashilluckan.SwiftScanPro;
				PRODUCT_NAME = "$(TARGET_NAME)";
				SUPPORTED_PLATFORMS = "iphoneos iphonesimulator";
				SUPPORTS_MACCATALYST = NO;
				SUPPORTS_MAC_DESIGNED_FOR_IPHONE_IPAD = NO;
				SWIFT_EMIT_LOC_STRINGS = YES;
				SWIFT_VERSION = 5.0;
				TARGETED_DEVICE_FAMILY = 1;
			};
			name = Release;
		};
		E2B46A162AD58C04007C154B /* Debug */ = {
			isa = XCBuildConfiguration;
			buildSettings = {
				CODE_SIGN_STYLE = Automatic;
				CURRENT_PROJECT_VERSION = 1;
				DEVELOPMENT_TEAM = 53F8VM6P5R;
				GENERATE_INFOPLIST_FILE = YES;
				MARKETING_VERSION = 1.0;
				PRODUCT_BUNDLE_IDENTIFIER = com.yashilluckan.SwiftScanProUITests;
				PRODUCT_NAME = "$(TARGET_NAME)";
				SWIFT_EMIT_LOC_STRINGS = NO;
				SWIFT_VERSION = 5.0;
				TARGETED_DEVICE_FAMILY = "1,2";
				TEST_TARGET_NAME = SwiftScanPro;
			};
			name = Debug;
		};
		E2B46A172AD58C04007C154B /* Release */ = {
			isa = XCBuildConfiguration;
			buildSettings = {
				CODE_SIGN_STYLE = Automatic;
				CURRENT_PROJECT_VERSION = 1;
				DEVELOPMENT_TEAM = 53F8VM6P5R;
				GENERATE_INFOPLIST_FILE = YES;
				MARKETING_VERSION = 1.0;
				PRODUCT_BUNDLE_IDENTIFIER = com.yashilluckan.SwiftScanProUITests;
				PRODUCT_NAME = "$(TARGET_NAME)";
				SWIFT_EMIT_LOC_STRINGS = NO;
				SWIFT_VERSION = 5.0;
				TARGETED_DEVICE_FAMILY = "1,2";
				TEST_TARGET_NAME = SwiftScanPro;
			};
			name = Release;
		};
/* End XCBuildConfiguration section */

/* Begin XCConfigurationList section */
		E2471B802AB0947400D7F1E7 /* Build configuration list for PBXProject "SwiftScanPro" */ = {
			isa = XCConfigurationList;
			buildConfigurations = (
				E2471B972AB0947500D7F1E7 /* Debug */,
				E2471B982AB0947500D7F1E7 /* Release */,
			);
			defaultConfigurationIsVisible = 0;
			defaultConfigurationName = Release;
		};
		E2471B992AB0947500D7F1E7 /* Build configuration list for PBXNativeTarget "SwiftScanPro" */ = {
			isa = XCConfigurationList;
			buildConfigurations = (
				E2471B9A2AB0947500D7F1E7 /* Debug */,
				E2471B9B2AB0947500D7F1E7 /* Release */,
			);
			defaultConfigurationIsVisible = 0;
			defaultConfigurationName = Release;
		};
		E2B46A182AD58C04007C154B /* Build configuration list for PBXNativeTarget "SwiftScanProUITests" */ = {
			isa = XCConfigurationList;
			buildConfigurations = (
				E2B46A162AD58C04007C154B /* Debug */,
				E2B46A172AD58C04007C154B /* Release */,
			);
			defaultConfigurationIsVisible = 0;
			defaultConfigurationName = Release;
		};
/* End XCConfigurationList section */
	};
	rootObject = E2471B7D2AB0947400D7F1E7 /* Project object */;
}
